
Microsoft Visual Studio Solution File, Format Version 12.00
# Visual Studio Version 17
VisualStudioVersion = 17.1.32319.34
MinimumVisualStudioVersion = 10.0.40219.1
Project("{FAE04EC0-301F-11D3-BF4B-00C04F79EFBC}") = "lab4", "lab4.csproj", "{3F3DB57A-F03B-48C8-9159-42F36B81474A}"
EndProject
Global
	GlobalSection(SolutionConfigurationPlatforms) = preSolution
		Debug|Any CPU = Debug|Any CPU
		Release|Any CPU = Release|Any CPU
	EndGlobalSection
	GlobalSection(ProjectConfigurationPlatforms) = postSolution
		{3F3DB57A-F03B-48C8-9159-42F36B81474A}.Debug|Any CPU.ActiveCfg = Debug|Any CPU
		{3F3DB57A-F03B-48C8-9159-42F36B81474A}.Debug|Any CPU.Build.0 = Debug|Any CPU
		{3F3DB57A-F03B-48C8-9159-42F36B81474A}.Release|Any CPU.ActiveCfg = Release|Any CPU
		{3F3DB57A-F03B-48C8-9159-42F36B81474A}.Release|Any CPU.Build.0 = Release|Any CPU
	EndGlobalSection
	GlobalSection(SolutionProperties) = preSolution
		HideSolutionNode = FALSE
	EndGlobalSection
	GlobalSection(ExtensibilityGlobals) = postSolution
		SolutionGuid = {86EA2D9E-E85E-4661-8D53-85BD0A43BC98}
	EndGlobalSection
EndGlobal
